{
  "requires": true,
  "lockfileVersion": 1,
  "dependencies": {
    "vue-autoscroll": {
      "version": "1.2.1",
      "resolved": "https://registry.npmjs.org/vue-autoscroll/-/vue-autoscroll-1.2.1.tgz",
      "integrity": "sha512-5bR458MsLdjXP78uNRh4hTtxhsqzVmJLZi346m90xYqdgOX9ulSeY5cOnulnTFz8ZdbRQxWlFmupniKHarMVQA=="
    },
    "vue-router": {
      "version": "4.0.5",
      "resolved": "https://registry.npmjs.org/vue-router/-/vue-router-4.0.5.tgz",
      "integrity": "sha512-AQq+pllb6FCc7rS6vh4PPcce3XA1jgK3hKNkQ4hXHwoVN7jOeAOMKCnX7XAX3etV9rmN7iNW8iIwgPk95ckBjw=="
    },
    "vuex": {
      "version": "4.0.0",
      "resolved": "https://registry.npmjs.org/vuex/-/vuex-4.0.0.tgz",
      "integrity": "sha512-56VPujlHscP5q/e7Jlpqc40sja4vOhC4uJD1llBCWolVI8ND4+VzisDVkUMl+z5y0MpIImW6HjhNc+ZvuizgOw=="
    }
  }
}
